github.com/Masterminds/semver v1.5.0 h1:H65muMkzWKEuNDnfl9d70GUjFniHKHRbFPGBuZ3QEww=
github.com/Masterminds/semver v1.5.0/go.mod h1:MB6lktGJrhw8PrUyiEoblNEGEQ+RzHPF078ddwwvV3Y=
honnef.co/go/augeas v0.0.0-20161110001225-ca62e35ed6b8 h1:FW42yWB1sGClqswyHIB68wo0+oPrav1IuQ+Tdy8Qp8E=
honnef.co/go/augeas v0.0.0-20161110001225-ca62e35ed6b8/go.mod h1:44w9OfBSQ9l3o59rc2w3AnABtE44bmtNnRMNC7z+oKE=
